<Solution>
  <Folder Name="/src/">
    <Project Path="src/NexusCRM.API/NexusCRM.API.csproj" />
    <Project Path="src/NexusCRM.Application/NexusCRM.Application.csproj" />
    <Project Path="src/NexusCRM.Domain/NexusCRM.Domain.csproj" />
    <Project Path="src/NexusCRM.Infrastructure/NexusCRM.Infrastructure.csproj" />
  </Folder>
  <Folder Name="/tests/">
    <Project Path="tests/NexusCRM.Domain.Tests/NexusCRM.Domain.Tests.csproj" />
  </Folder>
</Solution>
